
Microsoft Visual Studio Solution File, Format Version 12.00
# Visual Studio Version 17
VisualStudioVersion = 17.14.36705.20 d17.14
MinimumVisualStudioVersion = 10.0.40219.1
Project("{FAE04EC0-301F-11D3-BF4B-00C04F79EFBC}") = "HansCodeChallenge.VideoWebApp", "HansCodeChallenge.VideoWebApp\HansCodeChallenge.VideoWebApp.csproj", "{204AADF1-85EB-403A-91A7-6091B33CFF54}"
EndProject
Global
	GlobalSection(SolutionConfigurationPlatforms) = preSolution
		Debug|Any CPU = Debug|Any CPU
		Release|Any CPU = Release|Any CPU
	EndGlobalSection
	GlobalSection(ProjectConfigurationPlatforms) = postSolution
		{204AADF1-85EB-403A-91A7-6091B33CFF54}.Debug|Any CPU.ActiveCfg = Debug|Any CPU
		{204AADF1-85EB-403A-91A7-6091B33CFF54}.Debug|Any CPU.Build.0 = Debug|Any CPU
		{204AADF1-85EB-403A-91A7-6091B33CFF54}.Release|Any CPU.ActiveCfg = Release|Any CPU
		{204AADF1-85EB-403A-91A7-6091B33CFF54}.Release|Any CPU.Build.0 = Release|Any CPU
	EndGlobalSection
	GlobalSection(SolutionProperties) = preSolution
		HideSolutionNode = FALSE
	EndGlobalSection
	GlobalSection(ExtensibilityGlobals) = postSolution
		SolutionGuid = {D5C81C3E-7B56-4742-A4EA-0B07AD27A30B}
	EndGlobalSection
EndGlobal
